
Microsoft Visual Studio Solution File, Format Version 12.00
# Visual Studio Version 17
VisualStudioVersion = 17.4.33205.214
MinimumVisualStudioVersion = 10.0.40219.1
Project("{9A19103F-16F7-4668-BE54-9A1E7A4F7556}") = "Metodos", "Metodos.csproj", "{6DF61C8F-C251-41B0-AC79-9D04E1775DDC}"
EndProject
Project("{FAE04EC0-301F-11D3-BF4B-00C04F79EFBC}") = "clasesObjetos", "..\clasesObjetos\clasesObjetos.csproj", "{BC70AB0D-31B1-4B6C-B755-50354FAEC917}"
EndProject
Global
	GlobalSection(SolutionConfigurationPlatforms) = preSolution
		Debug|Any CPU = Debug|Any CPU
		Release|Any CPU = Release|Any CPU
	EndGlobalSection
	GlobalSection(ProjectConfigurationPlatforms) = postSolution
		{6DF61C8F-C251-41B0-AC79-9D04E1775DDC}.Debug|Any CPU.ActiveCfg = Debug|Any CPU
		{6DF61C8F-C251-41B0-AC79-9D04E1775DDC}.Debug|Any CPU.Build.0 = Debug|Any CPU
		{6DF61C8F-C251-41B0-AC79-9D04E1775DDC}.Release|Any CPU.ActiveCfg = Release|Any CPU
		{6DF61C8F-C251-41B0-AC79-9D04E1775DDC}.Release|Any CPU.Build.0 = Release|Any CPU
		{BC70AB0D-31B1-4B6C-B755-50354FAEC917}.Debug|Any CPU.ActiveCfg = Debug|Any CPU
		{BC70AB0D-31B1-4B6C-B755-50354FAEC917}.Debug|Any CPU.Build.0 = Debug|Any CPU
		{BC70AB0D-31B1-4B6C-B755-50354FAEC917}.Release|Any CPU.ActiveCfg = Release|Any CPU
		{BC70AB0D-31B1-4B6C-B755-50354FAEC917}.Release|Any CPU.Build.0 = Release|Any CPU
	EndGlobalSection
	GlobalSection(SolutionProperties) = preSolution
		HideSolutionNode = FALSE
	EndGlobalSection
	GlobalSection(ExtensibilityGlobals) = postSolution
		SolutionGuid = {630584CB-D0F7-4294-B3D6-715186259EED}
	EndGlobalSection
EndGlobal
