
Microsoft Visual Studio Solution File, Format Version 12.00
# Visual Studio Version 17
VisualStudioVersion = 17.4.33205.214
MinimumVisualStudioVersion = 10.0.40219.1
Project("{FAE04EC0-301F-11D3-BF4B-00C04F79EFBC}") = "Interfaces", "Interfaces\Interfaces.csproj", "{35CDFB85-611C-4347-942D-D904E552B2FE}"
EndProject
Project("{FAE04EC0-301F-11D3-BF4B-00C04F79EFBC}") = "HerenciasInterfaces", "HerenciasInterfaces\HerenciasInterfaces.csproj", "{3B7CDF24-5695-4ECF-93E0-10EBF65BE7F5}"
EndProject
Global
	GlobalSection(SolutionConfigurationPlatforms) = preSolution
		Debug|Any CPU = Debug|Any CPU
		Release|Any CPU = Release|Any CPU
	EndGlobalSection
	GlobalSection(ProjectConfigurationPlatforms) = postSolution
		{35CDFB85-611C-4347-942D-D904E552B2FE}.Debug|Any CPU.ActiveCfg = Debug|Any CPU
		{35CDFB85-611C-4347-942D-D904E552B2FE}.Debug|Any CPU.Build.0 = Debug|Any CPU
		{35CDFB85-611C-4347-942D-D904E552B2FE}.Release|Any CPU.ActiveCfg = Release|Any CPU
		{35CDFB85-611C-4347-942D-D904E552B2FE}.Release|Any CPU.Build.0 = Release|Any CPU
		{3B7CDF24-5695-4ECF-93E0-10EBF65BE7F5}.Debug|Any CPU.ActiveCfg = Debug|Any CPU
		{3B7CDF24-5695-4ECF-93E0-10EBF65BE7F5}.Debug|Any CPU.Build.0 = Debug|Any CPU
		{3B7CDF24-5695-4ECF-93E0-10EBF65BE7F5}.Release|Any CPU.ActiveCfg = Release|Any CPU
		{3B7CDF24-5695-4ECF-93E0-10EBF65BE7F5}.Release|Any CPU.Build.0 = Release|Any CPU
	EndGlobalSection
	GlobalSection(SolutionProperties) = preSolution
		HideSolutionNode = FALSE
	EndGlobalSection
	GlobalSection(ExtensibilityGlobals) = postSolution
		SolutionGuid = {6FF95BD2-9364-46B3-926A-046B45A581B1}
	EndGlobalSection
EndGlobal
